
Microsoft Visual Studio Solution File, Format Version 11.00
# Visual Studio 2010
Project("{FAE04EC0-301F-11D3-BF4B-00C04F79EFBC}") = "12_30LASTBUILD_2", "Assembly-CSharp.csproj", "{BF5579FD-2801-F885-C30E-FBD9D385A659}"
EndProject
Global
	GlobalSection(SolutionConfigurationPlatforms) = preSolution
		Debug|Any CPU = Debug|Any CPU
		Release|Any CPU = Release|Any CPU
	EndGlobalSection
	GlobalSection(ProjectConfigurationPlatforms) = postSolution
		{BF5579FD-2801-F885-C30E-FBD9D385A659}.Debug|Any CPU.ActiveCfg = Debug|Any CPU
		{BF5579FD-2801-F885-C30E-FBD9D385A659}.Debug|Any CPU.Build.0 = Debug|Any CPU
		{BF5579FD-2801-F885-C30E-FBD9D385A659}.Release|Any CPU.ActiveCfg = Release|Any CPU
		{BF5579FD-2801-F885-C30E-FBD9D385A659}.Release|Any CPU.Build.0 = Release|Any CPU
	EndGlobalSection
	GlobalSection(SolutionProperties) = preSolution
		HideSolutionNode = FALSE
	EndGlobalSection
	GlobalSection(MonoDevelopProperties) = preSolution
		StartupItem = Assembly-CSharp.csproj
	EndGlobalSection
EndGlobal
