
Microsoft Visual Studio Solution File, Format Version 11.00
# Visual Studio 2010
Project("{FAE04EC0-301F-11D3-BF4B-00C04F79EFBC}") = "12_30LASTBUILD_4", "Assembly-CSharp.csproj", "{7FDDBCC0-DD22-24CE-206C-25B9AB9751DB}"
EndProject
Global
	GlobalSection(SolutionConfigurationPlatforms) = preSolution
		Debug|Any CPU = Debug|Any CPU
		Release|Any CPU = Release|Any CPU
	EndGlobalSection
	GlobalSection(ProjectConfigurationPlatforms) = postSolution
		{7FDDBCC0-DD22-24CE-206C-25B9AB9751DB}.Debug|Any CPU.ActiveCfg = Debug|Any CPU
		{7FDDBCC0-DD22-24CE-206C-25B9AB9751DB}.Debug|Any CPU.Build.0 = Debug|Any CPU
		{7FDDBCC0-DD22-24CE-206C-25B9AB9751DB}.Release|Any CPU.ActiveCfg = Release|Any CPU
		{7FDDBCC0-DD22-24CE-206C-25B9AB9751DB}.Release|Any CPU.Build.0 = Release|Any CPU
	EndGlobalSection
	GlobalSection(SolutionProperties) = preSolution
		HideSolutionNode = FALSE
	EndGlobalSection
	GlobalSection(MonoDevelopProperties) = preSolution
		StartupItem = Assembly-CSharp.csproj
	EndGlobalSection
EndGlobal
